Microsoft Visual Studio Solution File, Format Version 12.00
# Visual Studio Version 17
VisualStudioVersion = 17.5.2.0
MinimumVisualStudioVersion = 10.0.40219.1
Project("{2150E333-8FDC-42A3-9474-1A3956D46DE8}") = "Infonetica.WorkflowEngine", "Infonetica.WorkflowEngine", "{9D596282-3F17-CBAB-FD67-765601F58132}"
EndProject
Project("{2150E333-8FDC-42A3-9474-1A3956D46DE8}") = "src", "src", "{688559E3-DC4D-E6E8-5735-FB244BD5C219}"
EndProject
Project("{FAE04EC0-301F-11D3-BF4B-00C04F79EFBC}") = "Infonetica.WorkflowEngine.Api", "Infonetica.WorkflowEngine\src\Infonetica.WorkflowEngine.Api\Infonetica.WorkflowEngine.Api.csproj", "{4F4A3907-C458-02FA-EC49-C4D3148FE5D1}"
EndProject
Global
	GlobalSection(SolutionConfigurationPlatforms) = preSolution
		Debug|Any CPU = Debug|Any CPU
		Release|Any CPU = Release|Any CPU
	EndGlobalSection
	GlobalSection(ProjectConfigurationPlatforms) = postSolution
		{4F4A3907-C458-02FA-EC49-C4D3148FE5D1}.Debug|Any CPU.ActiveCfg = Debug|Any CPU
		{4F4A3907-C458-02FA-EC49-C4D3148FE5D1}.Debug|Any CPU.Build.0 = Debug|Any CPU
		{4F4A3907-C458-02FA-EC49-C4D3148FE5D1}.Release|Any CPU.ActiveCfg = Release|Any CPU
		{4F4A3907-C458-02FA-EC49-C4D3148FE5D1}.Release|Any CPU.Build.0 = Release|Any CPU
	EndGlobalSection
	GlobalSection(SolutionProperties) = preSolution
		HideSolutionNode = FALSE
	EndGlobalSection
	GlobalSection(NestedProjects) = preSolution
		{688559E3-DC4D-E6E8-5735-FB244BD5C219} = {9D596282-3F17-CBAB-FD67-765601F58132}
		{4F4A3907-C458-02FA-EC49-C4D3148FE5D1} = {688559E3-DC4D-E6E8-5735-FB244BD5C219}
	EndGlobalSection
	GlobalSection(ExtensibilityGlobals) = postSolution
		SolutionGuid = {D85D8D61-90D3-4EDE-A65A-3DFEA39D407B}
	EndGlobalSection
EndGlobal
